// !$*UTF8*$!
{
	archiveVersion = 1;
	classes = {
	};
	objectVersion = 46;
	objects = {

/* Begin PBXBuildFile section */
		37063CF21F4BDD4200A92CD3 /* DBTool.m in Sources */ = {isa = PBXBuildFile; fileRef = 37063CF11F4BDD4200A92CD3 /* DBTool.m */; };
		37063CF51F4C098500A92CD3 /* SecondViewController.m in Sources */ = {isa = PBXBuildFile; fileRef = 37063CF41F4C098500A92CD3 /* SecondViewController.m */; };
		37E8FB341F4A823000654AD0 /* main.m in Sources */ = {isa = PBXBuildFile; fileRef = 37E8FB331F4A823000654AD0 /* main.m */; };
		37E8FB371F4A823000654AD0 /* AppDelegate.m in Sources */ = {isa = PBXBuildFile; fileRef = 37E8FB361F4A823000654AD0 /* AppDelegate.m */; };
		37E8FB3A1F4A823000654AD0 /* ViewController.m in Sources */ = {isa = PBXBuildFile; fileRef = 37E8FB391F4A823000654AD0 /* ViewController.m */; };
		37E8FB3D1F4A823000654AD0 /* Main.storyboard in Resources */ = {isa = PBXBuildFile; fileRef = 37E8FB3B1F4A823000654AD0 /* Main.storyboard */; };
		37E8FB3F1F4A823000654AD0 /* Assets.xcassets in Resources */ = {isa = PBXBuildFile; fileRef = 37E8FB3E1F4A823000654AD0 /* Assets.xcassets */; };
		37E8FB421F4A823000654AD0 /* LaunchScreen.storyboard in Resources */ = {isa = PBXBuildFile; fileRef = 37E8FB401F4A823000654AD0 /* LaunchScreen.storyboard */; };
		37E8FB4D1F4A823000654AD0 /* FMDBDemoTests.m in Sources */ = {isa = PBXBuildFile; fileRef = 37E8FB4C1F4A823000654AD0 /* FMDBDemoTests.m */; };
		37E8FB581F4A823000654AD0 /* FMDBDemoUITests.m in Sources */ = {isa = PBXBuildFile; fileRef = 37E8FB571F4A823000654AD0 /* FMDBDemoUITests.m */; };
		7939BFC139CBA6B55F08CD8E /* libPods-FMDBDemo.a in Frameworks */ = {isa = PBXBuildFile; fileRef = A4FB512147B7E5905B7B3DD1 /* libPods-FMDBDemo.a */; };
		CF63D911484033265963ECE5 /* libPods-FMDBDemoUITests.a in Frameworks */ = {isa = PBXBuildFile; fileRef = BED0A97BC9F560B50CA1FF61 /* libPods-FMDBDemoUITests.a */; };
		F468A489469C7D63B5C23817 /* libPods-FMDBDemoTests.a in Frameworks */ = {isa = PBXBuildFile; fileRef = 7F1C396B51BE401B213E52E1 /* libPods-FMDBDemoTests.a */; };
/* End PBXBuildFile section */

/* Begin PBXContainerItemProxy section */
		37E8FB491F4A823000654AD0 /* PBXContainerItemProxy */ = {
			isa = PBXContainerItemProxy;
			containerPortal = 37E8FB271F4A823000654AD0 /* Project object */;
			proxyType = 1;
			remoteGlobalIDString = 37E8FB2E1F4A823000654AD0;
			remoteInfo = FMDBDemo;
		};
		37E8FB541F4A823000654AD0 /* PBXContainerItemProxy */ = {
			isa = PBXContainerItemProxy;
			containerPortal = 37E8FB271F4A823000654AD0 /* Project object */;
			proxyType = 1;
			remoteGlobalIDString = 37E8FB2E1F4A823000654AD0;
			remoteInfo = FMDBDemo;
		};
/* End PBXContainerItemProxy section */

/* Begin PBXFileReference section */
		159CDDCA31122EE61BFF87B5 /* Pods-FMDBDemo.debug.xcconfig */ = {isa = PBXFileReference; includeInIndex = 1; lastKnownFileType = text.xcconfig; name = "Pods-FMDBDemo.debug.xcconfig"; path = "Pods/Target Support Files/Pods-FMDBDemo/Pods-FMDBDemo.debug.xcconfig"; sourceTree = "<group>"; };
		37063CF01F4BDD4200A92CD3 /* DBTool.h */ = {isa = PBXFileReference; fileEncoding = 4; lastKnownFileType = sourcecode.c.h; path = DBTool.h; sourceTree = "<group>"; };
		37063CF11F4BDD4200A92CD3 /* DBTool.m */ = {isa = PBXFileReference; fileEncoding = 4; lastKnownFileType = sourcecode.c.objc; path = DBTool.m; sourceTree = "<group>"; };
		37063CF31F4C098500A92CD3 /* SecondViewController.h */ = {isa = PBXFileReference; fileEncoding = 4; lastKnownFileType = sourcecode.c.h; path = SecondViewController.h; sourceTree = "<group>"; };
		37063CF41F4C098500A92CD3 /* SecondViewController.m */ = {isa = PBXFileReference; fileEncoding = 4; lastKnownFileType = sourcecode.c.objc; path = SecondViewController.m; sourceTree = "<group>"; };
		37E8FB2F1F4A823000654AD0 /* FMDBDemo.app */ = {isa = PBXFileReference; explicitFileType = wrapper.application; includeInIndex = 0; path = FMDBDemo.app; sourceTree = BUILT_PRODUCTS_DIR; };
		37E8FB331F4A823000654AD0 /* main.m */ = {isa = PBXFileReference; lastKnownFileType = sourcecode.c.objc; path = main.m; sourceTree = "<group>"; };
		37E8FB351F4A823000654AD0 /* AppDelegate.h */ = {isa = PBXFileReference; lastKnownFileType = sourcecode.c.h; path = AppDelegate.h; sourceTree = "<group>"; };
		37E8FB361F4A823000654AD0 /* AppDelegate.m */ = {isa = PBXFileReference; lastKnownFileType = sourcecode.c.objc; path = AppDelegate.m; sourceTree = "<group>"; };
		37E8FB381F4A823000654AD0 /* ViewController.h */ = {isa = PBXFileReference; lastKnownFileType = sourcecode.c.h; path = ViewController.h; sourceTree = "<group>"; };
		37E8FB391F4A823000654AD0 /* ViewController.m */ = {isa = PBXFileReference; lastKnownFileType = sourcecode.c.objc; path = ViewController.m; sourceTree = "<group>"; };
		37E8FB3C1F4A823000654AD0 /* Base */ = {isa = PBXFileReference; lastKnownFileType = file.storyboard; name = Base; path = Base.lproj/Main.storyboard; sourceTree = "<group>"; };
		37E8FB3E1F4A823000654AD0 /* Assets.xcassets */ = {isa = PBXFileReference; lastKnownFileType = folder.assetcatalog; path = Assets.xcassets; sourceTree = "<group>"; };
		37E8FB411F4A823000654AD0 /* Base */ = {isa = PBXFileReference; lastKnownFileType = file.storyboard; name = Base; path = Base.lproj/LaunchScreen.storyboard; sourceTree = "<group>"; };
		37E8FB431F4A823000654AD0 /* Info.plist */ = {isa = PBXFileReference; lastKnownFileType = text.plist.xml; path = Info.plist; sourceTree = "<group>"; };
		37E8FB481F4A823000654AD0 /* FMDBDemoTests.xctest */ = {isa = PBXFileReference; explicitFileType = wrapper.cfbundle; includeInIndex = 0; path = FMDBDemoTests.xctest; sourceTree = BUILT_PRODUCTS_DIR; };
		37E8FB4C1F4A823000654AD0 /* FMDBDemoTests.m */ = {isa = PBXFileReference; lastKnownFileType = sourcecode.c.objc; path = FMDBDemoTests.m; sourceTree = "<group>"; };
		37E8FB4E1F4A823000654AD0 /* Info.plist */ = {isa = PBXFileReference; lastKnownFileType = text.plist.xml; path = Info.plist; sourceTree = "<group>"; };
		37E8FB531F4A823000654AD0 /* FMDBDemoUITests.xctest */ = {isa = PBXFileReference; explicitFileType = wrapper.cfbundle; includeInIndex = 0; path = FMDBDemoUITests.xctest; sourceTree = BUILT_PRODUCTS_DIR; };
		37E8FB571F4A823000654AD0 /* FMDBDemoUITests.m */ = {isa = PBXFileReference; lastKnownFileType = sourcecode.c.objc; path = FMDBDemoUITests.m; sourceTree = "<group>"; };
		37E8FB591F4A823000654AD0 /* Info.plist */ = {isa = PBXFileReference; lastKnownFileType = text.plist.xml; path = Info.plist; sourceTree = "<group>"; };
		37E8FB651F4A85B400654AD0 /* PrefixHeader.pch */ = {isa = PBXFileReference; lastKnownFileType = sourcecode.c.h; path = PrefixHeader.pch; sourceTree = "<group>"; };
		69F1AAFD4974E0A5FB35413C /* Pods-FMDBDemo.release.xcconfig */ = {isa = PBXFileReference; includeInIndex = 1; lastKnownFileType = text.xcconfig; name = "Pods-FMDBDemo.release.xcconfig"; path = "Pods/Target Support Files/Pods-FMDBDemo/Pods-FMDBDemo.release.xcconfig"; sourceTree = "<group>"; };
		7F1C396B51BE401B213E52E1 /* libPods-FMDBDemoTests.a */ = {isa = PBXFileReference; explicitFileType = archive.ar; includeInIndex = 0; path = "libPods-FMDBDemoTests.a"; sourceTree = BUILT_PRODUCTS_DIR; };
		A4FB512147B7E5905B7B3DD1 /* libPods-FMDBDemo.a */ = {isa = PBXFileReference; explicitFileType = archive.ar; includeInIndex = 0; path = "libPods-FMDBDemo.a"; sourceTree = BUILT_PRODUCTS_DIR; };
		AC4E5284ADF90F85A5F2A561 /* Pods-FMDBDemoTests.debug.xcconfig */ = {isa = PBXFileReference; includeInIndex = 1; lastKnownFileType = text.xcconfig; name = "Pods-FMDBDemoTests.debug.xcconfig"; path = "Pods/Target Support Files/Pods-FMDBDemoTests/Pods-FMDBDemoTests.debug.xcconfig"; sourceTree = "<group>"; };
		ADCD3E47310B222A8586AA3D /* Pods-FMDBDemoUITests.debug.xcconfig */ = {isa = PBXFileReference; includeInIndex = 1; lastKnownFileType = text.xcconfig; name = "Pods-FMDBDemoUITests.debug.xcconfig"; path = "Pods/Target Support Files/Pods-FMDBDemoUITests/Pods-FMDBDemoUITests.debug.xcconfig"; sourceTree = "<group>"; };
		BED0A97BC9F560B50CA1FF61 /* libPods-FMDBDemoUITests.a */ = {isa = PBXFileReference; explicitFileType = archive.ar; includeInIndex = 0; path = "libPods-FMDBDemoUITests.a"; sourceTree = BUILT_PRODUCTS_DIR; };
		DCAE41ABD59D392E307DD782 /* Pods-FMDBDemoUITests.release.xcconfig */ = {isa = PBXFileReference; includeInIndex = 1; lastKnownFileType = text.xcconfig; name = "Pods-FMDBDemoUITests.release.xcconfig"; path = "Pods/Target Support Files/Pods-FMDBDemoUITests/Pods-FMDBDemoUITests.release.xcconfig"; sourceTree = "<group>"; };
		E317262E257854747A660D25 /* Pods-FMDBDemoTests.release.xcconfig */ = {isa = PBXFileReference; includeInIndex = 1; lastKnownFileType = text.xcconfig; name = "Pods-FMDBDemoTests.release.xcconfig"; path = "Pods/Target Support Files/Pods-FMDBDemoTests/Pods-FMDBDemoTests.release.xcconfig"; sourceTree = "<group>"; };
/* End PBXFileReference section */

/* Begin PBXFrameworksBuildPhase section */
		37E8FB2C1F4A823000654AD0 /* Frameworks */ = {
			isa = PBXFrameworksBuildPhase;
			buildActionMask = 2147483647;
			files = (
				7939BFC139CBA6B55F08CD8E /* libPods-FMDBDemo.a in Frameworks */,
			);
			runOnlyForDeploymentPostprocessing = 0;
		};
		37E8FB451F4A823000654AD0 /* Frameworks */ = {
			isa = PBXFrameworksBuildPhase;
			buildActionMask = 2147483647;
			files = (
				F468A489469C7D63B5C23817 /* libPods-FMDBDemoTests.a in Frameworks */,
			);
			runOnlyForDeploymentPostprocessing = 0;
		};
		37E8FB501F4A823000654AD0 /* Frameworks */ = {
			isa = PBXFrameworksBuildPhase;
			buildActionMask = 2147483647;
			files = (
				CF63D911484033265963ECE5 /* libPods-FMDBDemoUITests.a in Frameworks */,
			);
			runOnlyForDeploymentPostprocessing = 0;
		};
/* End PBXFrameworksBuildPhase section */

/* Begin PBXGroup section */
		37E8FB261F4A823000654AD0 = {
			isa = PBXGroup;
			children = (
				37E8FB311F4A823000654AD0 /* FMDBDemo */,
				37E8FB4B1F4A823000654AD0 /* FMDBDemoTests */,
				37E8FB561F4A823000654AD0 /* FMDBDemoUITests */,
				37E8FB301F4A823000654AD0 /* Products */,
				407C22ACFCF4A4570C0DBEB7 /* Pods */,
				EE89E11B0FCE96E66A60D377 /* Frameworks */,
			);
			sourceTree = "<group>";
		};
		37E8FB301F4A823000654AD0 /* Products */ = {
			isa = PBXGroup;
			children = (
				37E8FB2F1F4A823000654AD0 /* FMDBDemo.app */,
				37E8FB481F4A823000654AD0 /* FMDBDemoTests.xctest */,
				37E8FB531F4A823000654AD0 /* FMDBDemoUITests.xctest */,
			);
			name = Products;
			sourceTree = "<group>";
		};
		37E8FB311F4A823000654AD0 /* FMDBDemo */ = {
			isa = PBXGroup;
			children = (
				37E8FB351F4A823000654AD0 /* AppDelegate.h */,
				37E8FB361F4A823000654AD0 /* AppDelegate.m */,
				37E8FB381F4A823000654AD0 /* ViewController.h */,
				37E8FB391F4A823000654AD0 /* ViewController.m */,
				37063CF31F4C098500A92CD3 /* SecondViewController.h */,
				37063CF41F4C098500A92CD3 /* SecondViewController.m */,
				37063CF01F4BDD4200A92CD3 /* DBTool.h */,
				37063CF11F4BDD4200A92CD3 /* DBTool.m */,
				37E8FB651F4A85B400654AD0 /* PrefixHeader.pch */,
				37E8FB3B1F4A823000654AD0 /* Main.storyboard */,
				37E8FB3E1F4A823000654AD0 /* Assets.xcassets */,
				37E8FB401F4A823000654AD0 /* LaunchScreen.storyboard */,
				37E8FB431F4A823000654AD0 /* Info.plist */,
				37E8FB321F4A823000654AD0 /* Supporting Files */,
			);
			path = FMDBDemo;
			sourceTree = "<group>";
		};
		37E8FB321F4A823000654AD0 /* Supporting Files */ = {
			isa = PBXGroup;
			children = (
				37E8FB331F4A823000654AD0 /* main.m */,
			);
			name = "Supporting Files";
			sourceTree = "<group>";
		};
		37E8FB4B1F4A823000654AD0 /* FMDBDemoTests */ = {
			isa = PBXGroup;
			children = (
				37E8FB4C1F4A823000654AD0 /* FMDBDemoTests.m */,
				37E8FB4E1F4A823000654AD0 /* Info.plist */,
			);
			path = FMDBDemoTests;
			sourceTree = "<group>";
		};
		37E8FB561F4A823000654AD0 /* FMDBDemoUITests */ = {
			isa = PBXGroup;
			children = (
				37E8FB571F4A823000654AD0 /* FMDBDemoUITests.m */,
				37E8FB591F4A823000654AD0 /* Info.plist */,
			);
			path = FMDBDemoUITests;
			sourceTree = "<group>";
		};
		407C22ACFCF4A4570C0DBEB7 /* Pods */ = {
			isa = PBXGroup;
			children = (
				159CDDCA31122EE61BFF87B5 /* Pods-FMDBDemo.debug.xcconfig */,
				69F1AAFD4974E0A5FB35413C /* Pods-FMDBDemo.release.xcconfig */,
				AC4E5284ADF90F85A5F2A561 /* Pods-FMDBDemoTests.debug.xcconfig */,
				E317262E257854747A660D25 /* Pods-FMDBDemoTests.release.xcconfig */,
				ADCD3E47310B222A8586AA3D /* Pods-FMDBDemoUITests.debug.xcconfig */,
				DCAE41ABD59D392E307DD782 /* Pods-FMDBDemoUITests.release.xcconfig */,
			);
			name = Pods;
			sourceTree = "<group>";
		};
		EE89E11B0FCE96E66A60D377 /* Frameworks */ = {
			isa = PBXGroup;
			children = (
				A4FB512147B7E5905B7B3DD1 /* libPods-FMDBDemo.a */,
				7F1C396B51BE401B213E52E1 /* libPods-FMDBDemoTests.a */,
				BED0A97BC9F560B50CA1FF61 /* libPods-FMDBDemoUITests.a */,
			);
			name = Frameworks;
			sourceTree = "<group>";
		};
/* End PBXGroup section */

/* Begin PBXNativeTarget section */
		37E8FB2E1F4A823000654AD0 /* FMDBDemo */ = {
			isa = PBXNativeTarget;
			buildConfigurationList = 37E8FB5C1F4A823000654AD0 /* Build configuration list for PBXNativeTarget "FMDBDemo" */;
			buildPhases = (
				B31C097D1676181ECE9B0A11 /* [CP] Check Pods Manifest.lock */,
				37E8FB2B1F4A823000654AD0 /* Sources */,
				37E8FB2C1F4A823000654AD0 /* Frameworks */,
				37E8FB2D1F4A823000654AD0 /* Resources */,
				525F12C0FD3286F68701CD12 /* [CP] Embed Pods Frameworks */,
				7FF69749591E884D82CC834F /* [CP] Copy Pods Resources */,
			);
			buildRules = (
			);
			dependencies = (
			);
			name = FMDBDemo;
			productName = FMDBDemo;
			productReference = 37E8FB2F1F4A823000654AD0 /* FMDBDemo.app */;
			productType = "com.apple.product-type.application";
		};
		37E8FB471F4A823000654AD0 /* FMDBDemoTests */ = {
			isa = PBXNativeTarget;
			buildConfigurationList = 37E8FB5F1F4A823000654AD0 /* Build configuration list for PBXNativeTarget "FMDBDemoTests" */;
			buildPhases = (
				FB7C3EB478FD81CC1F7D473B /* [CP] Check Pods Manifest.lock */,
				37E8FB441F4A823000654AD0 /* Sources */,
				37E8FB451F4A823000654AD0 /* Frameworks */,
				37E8FB461F4A823000654AD0 /* Resources */,
				B5958E6E125B7FB7E9DDE974 /* [CP] Embed Pods Frameworks */,
				F44FD38433E2049665BB4608 /* [CP] Copy Pods Resources */,
			);
			buildRules = (
			);
			dependencies = (
				37E8FB4A1F4A823000654AD0 /* PBXTargetDependency */,
			);
			name = FMDBDemoTests;
			productName = FMDBDemoTests;
			productReference = 37E8FB481F4A823000654AD0 /* FMDBDemoTests.xctest */;
			productType = "com.apple.product-type.bundle.unit-test";
		};
		37E8FB521F4A823000654AD0 /* FMDBDemoUITests */ = {
			isa = PBXNativeTarget;
			buildConfigurationList = 37E8FB621F4A823000654AD0 /* Build configuration list for PBXNativeTarget "FMDBDemoUITests" */;
			buildPhases = (
				D14D766E1272E1F03AE90E0D /* [CP] Check Pods Manifest.lock */,
				37E8FB4F1F4A823000654AD0 /* Sources */,
				37E8FB501F4A823000654AD0 /* Frameworks */,
				37E8FB511F4A823000654AD0 /* Resources */,
				A697B7BEB3E3CCCFBFA6EDD8 /* [CP] Embed Pods Frameworks */,
				B1AB4764F7EA8F95FE7E59F8 /* [CP] Copy Pods Resources */,
			);
			buildRules = (
			);
			dependencies = (
				37E8FB551F4A823000654AD0 /* PBXTargetDependency */,
			);
			name = FMDBDemoUITests;
			productName = FMDBDemoUITests;
			productReference = 37E8FB531F4A823000654AD0 /* FMDBDemoUITests.xctest */;
			productType = "com.apple.product-type.bundle.ui-testing";
		};
/* End PBXNativeTarget section */

/* Begin PBXProject section */
		37E8FB271F4A823000654AD0 /* Project object */ = {
			isa = PBXProject;
			attributes = {
				LastUpgradeCheck = 0830;
				ORGANIZATIONNAME = WJ;
				TargetAttributes = {
					37E8FB2E1F4A823000654AD0 = {
						CreatedOnToolsVersion = 8.3.3;
						DevelopmentTeam = C5M93H4953;
						ProvisioningStyle = Automatic;
					};
					37E8FB471F4A823000654AD0 = {
						CreatedOnToolsVersion = 8.3.3;
						DevelopmentTeam = C5M93H4953;
						ProvisioningStyle = Automatic;
						TestTargetID = 37E8FB2E1F4A823000654AD0;
					};
					37E8FB521F4A823000654AD0 = {
						CreatedOnToolsVersion = 8.3.3;
						DevelopmentTeam = C5M93H4953;
						ProvisioningStyle = Automatic;
						TestTargetID = 37E8FB2E1F4A823000654AD0;
					};
				};
			};
			buildConfigurationList = 37E8FB2A1F4A823000654AD0 /* Build configuration list for PBXProject "FMDBDemo" */;
			compatibilityVersion = "Xcode 3.2";
			developmentRegion = English;
			hasScannedForEncodings = 0;
			knownRegions = (
				en,
				Base,
			);
			mainGroup = 37E8FB261F4A823000654AD0;
			productRefGroup = 37E8FB301F4A823000654AD0 /* Products */;
			projectDirPath = "";
			projectRoot = "";
			targets = (
				37E8FB2E1F4A823000654AD0 /* FMDBDemo */,
				37E8FB471F4A823000654AD0 /* FMDBDemoTests */,
				37E8FB521F4A823000654AD0 /* FMDBDemoUITests */,
			);
		};
/* End PBXProject section */

/* Begin PBXResourcesBuildPhase section */
		37E8FB2D1F4A823000654AD0 /* Resources */ = {
			isa = PBXResourcesBuildPhase;
			buildActionMask = 2147483647;
			files = (
				37E8FB421F4A823000654AD0 /* LaunchScreen.storyboard in Resources */,
				37E8FB3F1F4A823000654AD0 /* Assets.xcassets in Resources */,
				37E8FB3D1F4A823000654AD0 /* Main.storyboard in Resources */,
			);
			runOnlyForDeploymentPostprocessing = 0;
		};
		37E8FB461F4A823000654AD0 /* Resources */ = {
			isa = PBXResourcesBuildPhase;
			buildActionMask = 2147483647;
			files = (
			);
			runOnlyForDeploymentPostprocessing = 0;
		};
		37E8FB511F4A823000654AD0 /* Resources */ = {
			isa = PBXResourcesBuildPhase;
			buildActionMask = 2147483647;
			files = (
			);
			runOnlyForDeploymentPostprocessing = 0;
		};
/* End PBXResourcesBuildPhase section */

/* Begin PBXShellScriptBuildPhase section */
		525F12C0FD3286F68701CD12 /* [CP] Embed Pods Frameworks */ = {
			isa = PBXShellScriptBuildPhase;
			buildActionMask = 2147483647;
			files = (
			);
			inputPaths = (
			);
			name = "[CP] Embed Pods Frameworks";
			outputPaths = (
			);
			runOnlyForDeploymentPostprocessing = 0;
			shellPath = /bin/sh;
			shellScript = "\"${SRCROOT}/Pods/Target Support Files/Pods-FMDBDemo/Pods-FMDBDemo-frameworks.sh\"\n";
			showEnvVarsInLog = 0;
		};
		7FF69749591E884D82CC834F /* [CP] Copy Pods Resources */ = {
			isa = PBXShellScriptBuildPhase;
			buildActionMask = 2147483647;
			files = (
			);
			inputPaths = (
			);
			name = "[CP] Copy Pods Resources";
			outputPaths = (
			);
			runOnlyForDeploymentPostprocessing = 0;
			shellPath = /bin/sh;
			shellScript = "\"${SRCROOT}/Pods/Target Support Files/Pods-FMDBDemo/Pods-FMDBDemo-resources.sh\"\n";
			showEnvVarsInLog = 0;
		};
		A697B7BEB3E3CCCFBFA6EDD8 /* [CP] Embed Pods Frameworks */ = {
			isa = PBXShellScriptBuildPhase;
			buildActionMask = 2147483647;
			files = (
			);
			inputPaths = (
			);
			name = "[CP] Embed Pods Frameworks";
			outputPaths = (
			);
			runOnlyForDeploymentPostprocessing = 0;
			shellPath = /bin/sh;
			shellScript = "\"${SRCROOT}/Pods/Target Support Files/Pods-FMDBDemoUITests/Pods-FMDBDemoUITests-frameworks.sh\"\n";
			showEnvVarsInLog = 0;
		};
		B1AB4764F7EA8F95FE7E59F8 /* [CP] Copy Pods Resources */ = {
			isa = PBXShellScriptBuildPhase;
			buildActionMask = 2147483647;
			files = (
			);
			inputPaths = (
			);
			name = "[CP] Copy Pods Resources";
			outputPaths = (
			);
			runOnlyForDeploymentPostprocessing = 0;
			shellPath = /bin/sh;
			shellScript = "\"${SRCROOT}/Pods/Target Support Files/Pods-FMDBDemoUITests/Pods-FMDBDemoUITests-resources.sh\"\n";
			showEnvVarsInLog = 0;
		};
		B31C097D1676181ECE9B0A11 /* [CP] Check Pods Manifest.lock */ = {
			isa = PBXShellScriptBuildPhase;
			buildActionMask = 2147483647;
			files = (
			);
			inputPaths = (
				"${PODS_PODFILE_DIR_PATH}/Podfile.lock",
				"${PODS_ROOT}/Manifest.lock",
			);
			name = "[CP] Check Pods Manifest.lock";
			outputPaths = (
				"$(DERIVED_FILE_DIR)/Pods-FMDBDemo-checkManifestLockResult.txt",
			);
			runOnlyForDeploymentPostprocessing = 0;
			shellPath = /bin/sh;
			shellScript = "diff \"${PODS_PODFILE_DIR_PATH}/Podfile.lock\" \"${PODS_ROOT}/Manifest.lock\" > /dev/null\nif [ $? != 0 ] ; then\n    # print error to STDERR\n    echo \"error: The sandbox is not in sync with the Podfile.lock. Run 'pod install' or update your CocoaPods installation.\" >&2\n    exit 1\nfi\n# This output is used by Xcode 'outputs' to avoid re-running this script phase.\necho \"SUCCESS\" > \"${SCRIPT_OUTPUT_FILE_0}\"\n";
			showEnvVarsInLog = 0;
		};
		B5958E6E125B7FB7E9DDE974 /* [CP] Embed Pods Frameworks */ = {
			isa = PBXShellScriptBuildPhase;
			buildActionMask = 2147483647;
			files = (
			);
			inputPaths = (
			);
			name = "[CP] Embed Pods Frameworks";
			outputPaths = (
			);
			runOnlyForDeploymentPostprocessing = 0;
			shellPath = /bin/sh;
			shellScript = "\"${SRCROOT}/Pods/Target Support Files/Pods-FMDBDemoTests/Pods-FMDBDemoTests-frameworks.sh\"\n";
			showEnvVarsInLog = 0;
		};
		D14D766E1272E1F03AE90E0D /* [CP] Check Pods Manifest.lock */ = {
			isa = PBXShellScriptBuildPhase;
			buildActionMask = 2147483647;
			files = (
			);
			inputPaths = (
				"${PODS_PODFILE_DIR_PATH}/Podfile.lock",
				"${PODS_ROOT}/Manifest.lock",
			);
			name = "[CP] Check Pods Manifest.lock";
			outputPaths = (
				"$(DERIVED_FILE_DIR)/Pods-FMDBDemoUITests-checkManifestLockResult.txt",
			);
			runOnlyForDeploymentPostprocessing = 0;
			shellPath = /bin/sh;
			shellScript = "diff \"${PODS_PODFILE_DIR_PATH}/Podfile.lock\" \"${PODS_ROOT}/Manifest.lock\" > /dev/null\nif [ $? != 0 ] ; then\n    # print error to STDERR\n    echo \"error: The sandbox is not in sync with the Podfile.lock. Run 'pod install' or update your CocoaPods installation.\" >&2\n    exit 1\nfi\n# This output is used by Xcode 'outputs' to avoid re-running this script phase.\necho \"SUCCESS\" > \"${SCRIPT_OUTPUT_FILE_0}\"\n";
			showEnvVarsInLog = 0;
		};
		F44FD38433E2049665BB4608 /* [CP] Copy Pods Resources */ = {
			isa = PBXShellScriptBuildPhase;
			buildActionMask = 2147483647;
			files = (
			);
			inputPaths = (
			);
			name = "[CP] Copy Pods Resources";
			outputPaths = (
			);
			runOnlyForDeploymentPostprocessing = 0;
			shellPath = /bin/sh;
			shellScript = "\"${SRCROOT}/Pods/Target Support Files/Pods-FMDBDemoTests/Pods-FMDBDemoTests-resources.sh\"\n";
			showEnvVarsInLog = 0;
		};
		FB7C3EB478FD81CC1F7D473B /* [CP] Check Pods Manifest.lock */ = {
			isa = PBXShellScriptBuildPhase;
			buildActionMask = 2147483647;
			files = (
			);
			inputPaths = (
				"${PODS_PODFILE_DIR_PATH}/Podfile.lock",
				"${PODS_ROOT}/Manifest.lock",
			);
			name = "[CP] Check Pods Manifest.lock";
			outputPaths = (
				"$(DERIVED_FILE_DIR)/Pods-FMDBDemoTests-checkManifestLockResult.txt",
			);
			runOnlyForDeploymentPostprocessing = 0;
			shellPath = /bin/sh;
			shellScript = "diff \"${PODS_PODFILE_DIR_PATH}/Podfile.lock\" \"${PODS_ROOT}/Manifest.lock\" > /dev/null\nif [ $? != 0 ] ; then\n    # print error to STDERR\n    echo \"error: The sandbox is not in sync with the Podfile.lock. Run 'pod install' or update your CocoaPods installation.\" >&2\n    exit 1\nfi\n# This output is used by Xcode 'outputs' to avoid re-running this script phase.\necho \"SUCCESS\" > \"${SCRIPT_OUTPUT_FILE_0}\"\n";
			showEnvVarsInLog = 0;
		};
/* End PBXShellScriptBuildPhase section */

/* Begin PBXSourcesBuildPhase section */
		37E8FB2B1F4A823000654AD0 /* Sources */ = {
			isa = PBXSourcesBuildPhase;
			buildActionMask = 2147483647;
			files = (
				37063CF51F4C098500A92CD3 /* SecondViewController.m in Sources */,
				37E8FB3A1F4A823000654AD0 /* ViewController.m in Sources */,
				37E8FB371F4A823000654AD0 /* AppDelegate.m in Sources */,
				37E8FB341F4A823000654AD0 /* main.m in Sources */,
				37063CF21F4BDD4200A92CD3 /* DBTool.m in Sources */,
			);
			runOnlyForDeploymentPostprocessing = 0;
		};
		37E8FB441F4A823000654AD0 /* Sources */ = {
			isa = PBXSourcesBuildPhase;
			buildActionMask = 2147483647;
			files = (
				37E8FB4D1F4A823000654AD0 /* FMDBDemoTests.m in Sources */,
			);
			runOnlyForDeploymentPostprocessing = 0;
		};
		37E8FB4F1F4A823000654AD0 /* Sources */ = {
			isa = PBXSourcesBuildPhase;
			buildActionMask = 2147483647;
			files = (
				37E8FB581F4A823000654AD0 /* FMDBDemoUITests.m in Sources */,
			);
			runOnlyForDeploymentPostprocessing = 0;
		};
/* End PBXSourcesBuildPhase section */

/* Begin PBXTargetDependency section */
		37E8FB4A1F4A823000654AD0 /* PBXTargetDependency */ = {
			isa = PBXTargetDependency;
			target = 37E8FB2E1F4A823000654AD0 /* FMDBDemo */;
			targetProxy = 37E8FB491F4A823000654AD0 /* PBXContainerItemProxy */;
		};
		37E8FB551F4A823000654AD0 /* PBXTargetDependency */ = {
			isa = PBXTargetDependency;
			target = 37E8FB2E1F4A823000654AD0 /* FMDBDemo */;
			targetProxy = 37E8FB541F4A823000654AD0 /* PBXContainerItemProxy */;
		};
/* End PBXTargetDependency section */

/* Begin PBXVariantGroup section */
		37E8FB3B1F4A823000654AD0 /* Main.storyboard */ = {
			isa = PBXVariantGroup;
			children = (
				37E8FB3C1F4A823000654AD0 /* Base */,
			);
			name = Main.storyboard;
			sourceTree = "<group>";
		};
		37E8FB401F4A823000654AD0 /* LaunchScreen.storyboard */ = {
			isa = PBXVariantGroup;
			children = (
				37E8FB411F4A823000654AD0 /* Base */,
			);
			name = LaunchScreen.storyboard;
			sourceTree = "<group>";
		};
/* End PBXVariantGroup section */

/* Begin XCBuildConfiguration section */
		37E8FB5A1F4A823000654AD0 /* Debug */ = {
			isa = XCBuildConfiguration;
			buildSettings = {
				ALWAYS_SEARCH_USER_PATHS = NO;
				CLANG_ANALYZER_NONNULL = YES;
				CLANG_ANALYZER_NUMBER_OBJECT_CONVERSION = YES_AGGRESSIVE;
				CLANG_CXX_LANGUAGE_STANDARD = "gnu++0x";
				CLANG_CXX_LIBRARY = "libc++";
				CLANG_ENABLE_MODULES = YES;
				CLANG_ENABLE_OBJC_ARC = YES;
				CLANG_WARN_BOOL_CONVERSION = YES;
				CLANG_WARN_CONSTANT_CONVERSION = YES;
				CLANG_WARN_DIRECT_OBJC_ISA_USAGE = YES_ERROR;
				CLANG_WARN_DOCUMENTATION_COMMENTS = YES;
				CLANG_WARN_EMPTY_BODY = YES;
				CLANG_WARN_ENUM_CONVERSION = YES;
				CLANG_WARN_INFINITE_RECURSION = YES;
				CLANG_WARN_INT_CONVERSION = YES;
				CLANG_WARN_OBJC_ROOT_CLASS = YES_ERROR;
				CLANG_WARN_SUSPICIOUS_MOVE = YES;
				CLANG_WARN_UNREACHABLE_CODE = YES;
				CLANG_WARN__DUPLICATE_METHOD_MATCH = YES;
				"CODE_SIGN_IDENTITY[sdk=iphoneos*]" = "iPhone Developer";
				COPY_PHASE_STRIP = NO;
				DEBUG_INFORMATION_FORMAT = dwarf;
				ENABLE_STRICT_OBJC_MSGSEND = YES;
				ENABLE_TESTABILITY = YES;
				GCC_C_LANGUAGE_STANDARD = gnu99;
				GCC_DYNAMIC_NO_PIC = NO;
				GCC_NO_COMMON_BLOCKS = YES;
				GCC_OPTIMIZATION_LEVEL = 0;
				GCC_PREPROCESSOR_DEFINITIONS = (
					"DEBUG=1",
					"$(inherited)",
				);
				GCC_WARN_64_TO_32_BIT_CONVERSION = YES;
				GCC_WARN_ABOUT_RETURN_TYPE = YES_ERROR;
				GCC_WARN_UNDECLARED_SELECTOR = YES;
				GCC_WARN_UNINITIALIZED_AUTOS = YES_AGGRESSIVE;
				GCC_WARN_UNUSED_FUNCTION = YES;
				GCC_WARN_UNUSED_VARIABLE = YES;
				IPHONEOS_DEPLOYMENT_TARGET = 10.3;
				MTL_ENABLE_DEBUG_INFO = YES;
				ONLY_ACTIVE_ARCH = YES;
				SDKROOT = iphoneos;
				TARGETED_DEVICE_FAMILY = "1,2";
			};
			name = Debug;
		};
		37E8FB5B1F4A823000654AD0 /* Release */ = {
			isa = XCBuildConfiguration;
			buildSettings = {
				ALWAYS_SEARCH_USER_PATHS = NO;
				CLANG_ANALYZER_NONNULL = YES;
				CLANG_ANALYZER_NUMBER_OBJECT_CONVERSION = YES_AGGRESSIVE;
				CLANG_CXX_LANGUAGE_STANDARD = "gnu++0x";
				CLANG_CXX_LIBRARY = "libc++";
				CLANG_ENABLE_MODULES = YES;
				CLANG_ENABLE_OBJC_ARC = YES;
				CLANG_WARN_BOOL_CONVERSION = YES;
				CLANG_WARN_CONSTANT_CONVERSION = YES;
				CLANG_WARN_DIRECT_OBJC_ISA_USAGE = YES_ERROR;
				CLANG_WARN_DOCUMENTATION_COMMENTS = YES;
				CLANG_WARN_EMPTY_BODY = YES;
				CLANG_WARN_ENUM_CONVERSION = YES;
				CLANG_WARN_INFINITE_RECURSION = YES;
				CLANG_WARN_INT_CONVERSION = YES;
				CLANG_WARN_OBJC_ROOT_CLASS = YES_ERROR;
				CLANG_WARN_SUSPICIOUS_MOVE = YES;
				CLANG_WARN_UNREACHABLE_CODE = YES;
				CLANG_WARN__DUPLICATE_METHOD_MATCH = YES;
				"CODE_SIGN_IDENTITY[sdk=iphoneos*]" = "iPhone Developer";
				COPY_PHASE_STRIP = NO;
				DEBUG_INFORMATION_FORMAT = "dwarf-with-dsym";
				ENABLE_NS_ASSERTIONS = NO;
				ENABLE_STRICT_OBJC_MSGSEND = YES;
				GCC_C_LANGUAGE_STANDARD = gnu99;
				GCC_NO_COMMON_BLOCKS = YES;
				GCC_WARN_64_TO_32_BIT_CONVERSION = YES;
				GCC_WARN_ABOUT_RETURN_TYPE = YES_ERROR;
				GCC_WARN_UNDECLARED_SELECTOR = YES;
				GCC_WARN_UNINITIALIZED_AUTOS = YES_AGGRESSIVE;
				GCC_WARN_UNUSED_FUNCTION = YES;
				GCC_WARN_UNUSED_VARIABLE = YES;
				IPHONEOS_DEPLOYMENT_TARGET = 10.3;
				MTL_ENABLE_DEBUG_INFO = NO;
				SDKROOT = iphoneos;
				TARGETED_DEVICE_FAMILY = "1,2";
				VALIDATE_PRODUCT = YES;
			};
			name = Release;
		};
		37E8FB5D1F4A823000654AD0 /* Debug */ = {
			isa = XCBuildConfiguration;
			baseConfigurationReference = 159CDDCA31122EE61BFF87B5 /* Pods-FMDBDemo.debug.xcconfig */;
			buildSettings = {
				ASSETCATALOG_COMPILER_APPICON_NAME = AppIcon;
				DEVELOPMENT_TEAM = C5M93H4953;
				GCC_PRECOMPILE_PREFIX_HEADER = YES;
				GCC_PREFIX_HEADER = "$(SRCROOT)/FMDBDemo/PrefixHeader.pch";
				INFOPLIST_FILE = FMDBDemo/Info.plist;
				LD_RUNPATH_SEARCH_PATHS = "$(inherited) @executable_path/Frameworks";
				PRODUCT_BUNDLE_IDENTIFIER = com.laowei.FMDBDemo;
				PRODUCT_NAME = "$(TARGET_NAME)";
			};
			name = Debug;
		};
		37E8FB5E1F4A823000654AD0 /* Release */ = {
			isa = XCBuildConfiguration;
			baseConfigurationReference = 69F1AAFD4974E0A5FB35413C /* Pods-FMDBDemo.release.xcconfig */;
			buildSettings = {
				ASSETCATALOG_COMPILER_APPICON_NAME = AppIcon;
				DEVELOPMENT_TEAM = C5M93H4953;
				GCC_PRECOMPILE_PREFIX_HEADER = YES;
				GCC_PREFIX_HEADER = "$(SRCROOT)/FMDBDemo/PrefixHeader.pch";
				INFOPLIST_FILE = FMDBDemo/Info.plist;
				LD_RUNPATH_SEARCH_PATHS = "$(inherited) @executable_path/Frameworks";
				PRODUCT_BUNDLE_IDENTIFIER = com.laowei.FMDBDemo;
				PRODUCT_NAME = "$(TARGET_NAME)";
			};
			name = Release;
		};
		37E8FB601F4A823000654AD0 /* Debug */ = {
			isa = XCBuildConfiguration;
			baseConfigurationReference = AC4E5284ADF90F85A5F2A561 /* Pods-FMDBDemoTests.debug.xcconfig */;
			buildSettings = {
				BUNDLE_LOADER = "$(TEST_HOST)";
				DEVELOPMENT_TEAM = C5M93H4953;
				INFOPLIST_FILE = FMDBDemoTests/Info.plist;
				LD_RUNPATH_SEARCH_PATHS = "$(inherited) @executable_path/Frameworks @loader_path/Frameworks";
				PRODUCT_BUNDLE_IDENTIFIER = com.laowei.FMDBDemoTests;
				PRODUCT_NAME = "$(TARGET_NAME)";
				TEST_HOST = "$(BUILT_PRODUCTS_DIR)/FMDBDemo.app/FMDBDemo";
			};
			name = Debug;
		};
		37E8FB611F4A823000654AD0 /* Release */ = {
			isa = XCBuildConfiguration;
			baseConfigurationReference = E317262E257854747A660D25 /* Pods-FMDBDemoTests.release.xcconfig */;
			buildSettings = {
				BUNDLE_LOADER = "$(TEST_HOST)";
				DEVELOPMENT_TEAM = C5M93H4953;
				INFOPLIST_FILE = FMDBDemoTests/Info.plist;
				LD_RUNPATH_SEARCH_PATHS = "$(inherited) @executable_path/Frameworks @loader_path/Frameworks";
				PRODUCT_BUNDLE_IDENTIFIER = com.laowei.FMDBDemoTests;
				PRODUCT_NAME = "$(TARGET_NAME)";
				TEST_HOST = "$(BUILT_PRODUCTS_DIR)/FMDBDemo.app/FMDBDemo";
			};
			name = Release;
		};
		37E8FB631F4A823000654AD0 /* Debug */ = {
			isa = XCBuildConfiguration;
			baseConfigurationReference = ADCD3E47310B222A8586AA3D /* Pods-FMDBDemoUITests.debug.xcconfig */;
			buildSettings = {
				DEVELOPMENT_TEAM = C5M93H4953;
				INFOPLIST_FILE = FMDBDemoUITests/Info.plist;
				LD_RUNPATH_SEARCH_PATHS = "$(inherited) @executable_path/Frameworks @loader_path/Frameworks";
				PRODUCT_BUNDLE_IDENTIFIER = com.laowei.FMDBDemoUITests;
				PRODUCT_NAME = "$(TARGET_NAME)";
				TEST_TARGET_NAME = FMDBDemo;
			};
			name = Debug;
		};
		37E8FB641F4A823000654AD0 /* Release */ = {
			isa = XCBuildConfiguration;
			baseConfigurationReference = DCAE41ABD59D392E307DD782 /* Pods-FMDBDemoUITests.release.xcconfig */;
			buildSettings = {
				DEVELOPMENT_TEAM = C5M93H4953;
				INFOPLIST_FILE = FMDBDemoUITests/Info.plist;
				LD_RUNPATH_SEARCH_PATHS = "$(inherited) @executable_path/Frameworks @loader_path/Frameworks";
				PRODUCT_BUNDLE_IDENTIFIER = com.laowei.FMDBDemoUITests;
				PRODUCT_NAME = "$(TARGET_NAME)";
				TEST_TARGET_NAME = FMDBDemo;
			};
			name = Release;
		};
/* End XCBuildConfiguration section */

/* Begin XCConfigurationList section */
		37E8FB2A1F4A823000654AD0 /* Build configuration list for PBXProject "FMDBDemo" */ = {
			isa = XCConfigurationList;
			buildConfigurations = (
				37E8FB5A1F4A823000654AD0 /* Debug */,
				37E8FB5B1F4A823000654AD0 /* Release */,
			);
			defaultConfigurationIsVisible = 0;
			defaultConfigurationName = Release;
		};
		37E8FB5C1F4A823000654AD0 /* Build configuration list for PBXNativeTarget "FMDBDemo" */ = {
			isa = XCConfigurationList;
			buildConfigurations = (
				37E8FB5D1F4A823000654AD0 /* Debug */,
				37E8FB5E1F4A823000654AD0 /* Release */,
			);
			defaultConfigurationIsVisible = 0;
			defaultConfigurationName = Release;
		};
		37E8FB5F1F4A823000654AD0 /* Build configuration list for PBXNativeTarget "FMDBDemoTests" */ = {
			isa = XCConfigurationList;
			buildConfigurations = (
				37E8FB601F4A823000654AD0 /* Debug */,
				37E8FB611F4A823000654AD0 /* Release */,
			);
			defaultConfigurationIsVisible = 0;
			defaultConfigurationName = Release;
		};
		37E8FB621F4A823000654AD0 /* Build configuration list for PBXNativeTarget "FMDBDemoUITests" */ = {
			isa = XCConfigurationList;
			buildConfigurations = (
				37E8FB631F4A823000654AD0 /* Debug */,
				37E8FB641F4A823000654AD0 /* Release */,
			);
			defaultConfigurationIsVisible = 0;
			defaultConfigurationName = Release;
		};
/* End XCConfigurationList section */
	};
	rootObject = 37E8FB271F4A823000654AD0 /* Project object */;
}
